// !$*UTF8*$!
{
	archiveVersion = 1;
	classes = {
	};
	objectVersion = 77;
	objects = {

/* Begin PBXBuildFile section */
		0137578A7C3DB65015FC02BE /* OnboardingFlowView.swift in Sources */ = {isa = PBXBuildFile; fileRef = 22E4F6FF18C9BE1617CD7543 /* OnboardingFlowView.swift */; };
		05162562A0170BE9098361EE /* AlarmIntents.swift in Sources */ = {isa = PBXBuildFile; fileRef = 85010326D24CEF7C1A38D50D /* AlarmIntents.swift */; };
		0B5A2C2BC6692B00E79A988E /* AlarmPermissionService.swift in Sources */ = {isa = PBXBuildFile; fileRef = 83400772796DC9406DADEF9F /* AlarmPermissionService.swift */; };
		1068E5E14AAA376BDD6E846B /* L10n.swift in Sources */ = {isa = PBXBuildFile; fileRef = B0511AEB1608CC1DFD19C495 /* L10n.swift */; };
		10DC781930D22D3C916F3AB3 /* AlarmScheduleReconcileEntrypoint.swift in Sources */ = {isa = PBXBuildFile; fileRef = 1528047A29F027B683B920FE /* AlarmScheduleReconcileEntrypoint.swift */; };
		1C03AE89BE0AC99AD3E829DE /* NotificationPermissionService.swift in Sources */ = {isa = PBXBuildFile; fileRef = 5DF22129177248C5394DFFC2 /* NotificationPermissionService.swift */; };
		23C0CD1574BD2A54EDBFCCE1 /* NapEditorView.swift in Sources */ = {isa = PBXBuildFile; fileRef = FA3152F133E737A1C6EF2905 /* NapEditorView.swift */; };
		36C1824E2D70AF0163976EDA /* SharedAlarmSettingsEditor.swift in Sources */ = {isa = PBXBuildFile; fileRef = 5C5DC43674A1A23D8D98A25C /* SharedAlarmSettingsEditor.swift */; };
		42DA53AB032443282ACAC432 /* MainTabView.swift in Sources */ = {isa = PBXBuildFile; fileRef = E55D19BAE63F4BCAD183A095 /* MainTabView.swift */; };
		4349AE16DB928CA08CA1900B /* AlarmEditorView.swift in Sources */ = {isa = PBXBuildFile; fileRef = 3C5513FF1DE8CF198A077C38 /* AlarmEditorView.swift */; };
		43A37EA685F224896032D009 /* AppRootView.swift in Sources */ = {isa = PBXBuildFile; fileRef = D65E8CA1DA583D987D1FDE53 /* AppRootView.swift */; };
		4796FE34E7D27B854FB78CB6 /* Localizable.strings in Resources */ = {isa = PBXBuildFile; fileRef = 8E679FED54733251272BD0A9 /* Localizable.strings */; };
		5824049B9D337E771858C73B /* Assets.xcassets in Resources */ = {isa = PBXBuildFile; fileRef = CFE2D4CDA835E9DD606528A0 /* Assets.xcassets */; };
		58BDACC5F57BBA0A5953274E /* OpenAlarmTheme.swift in Sources */ = {isa = PBXBuildFile; fileRef = 91529C2531FED87446559016 /* OpenAlarmTheme.swift */; };
		75F6F1776DF5731E152893A0 /* AlarmStore.swift in Sources */ = {isa = PBXBuildFile; fileRef = B70862277833BF001ABA7BBE /* AlarmStore.swift */; };
		7A6C9625D2A75EB1C003316B /* OpenAlarmApp.swift in Sources */ = {isa = PBXBuildFile; fileRef = 764BB1926C868CDA8BB0801A /* OpenAlarmApp.swift */; };
		8399559AD42B82F57361E9E3 /* WakeUpCheckModels.swift in Sources */ = {isa = PBXBuildFile; fileRef = 568AC6EB43A9044628BFB421 /* WakeUpCheckModels.swift */; };
		99FFE75EAF79B740FE9D2225 /* WakeUpCheckNotificationService.swift in Sources */ = {isa = PBXBuildFile; fileRef = 7049E02D02264E608DE04480 /* WakeUpCheckNotificationService.swift */; };
		A07CAFA80E4CC40C1C53496B /* LaunchScreen.storyboard in Resources */ = {isa = PBXBuildFile; fileRef = E43A03F552339F3CF4DBCF2C /* LaunchScreen.storyboard */; };
		A6D55657E1563EC89C608EFD /* OpenAlarmNotificationDelegate.swift in Sources */ = {isa = PBXBuildFile; fileRef = 0213A81B71B2B9C6B189C61F /* OpenAlarmNotificationDelegate.swift */; };
		BDD2C5EBBA247FBB4FD16F4D /* InfoPlist.strings in Resources */ = {isa = PBXBuildFile; fileRef = 2E7F4014449CC01093832222 /* InfoPlist.strings */; };
		BF8889E27B6255835899C3B5 /* AlarmModels.swift in Sources */ = {isa = PBXBuildFile; fileRef = A7C07703BA4BEC265B421B03 /* AlarmModels.swift */; };
		D0827BEDA4B4C360461E9F23 /* AlarmPersistence.swift in Sources */ = {isa = PBXBuildFile; fileRef = A0F3414FB10A9E51937B6877 /* AlarmPersistence.swift */; };
		DDD615542DED46BA648B2FE7 /* AlarmScheduleReconcilerTests.swift in Sources */ = {isa = PBXBuildFile; fileRef = 4C0AC8200730558CC6EC3B15 /* AlarmScheduleReconcilerTests.swift */; };
		E072A215F811DC860E8ED2F1 /* OnboardingEngine.swift in Sources */ = {isa = PBXBuildFile; fileRef = A6981BF284D917EBC650816B /* OnboardingEngine.swift */; };
		F1CC7D2E7D1CC6F5D537C625 /* AlarmScheduleReconciler.swift in Sources */ = {isa = PBXBuildFile; fileRef = 06DDC0185B5B0D8A1400C98B /* AlarmScheduleReconciler.swift */; };
/* End PBXBuildFile section */

/* Begin PBXContainerItemProxy section */
		DA09E905EB317B29548331EA /* PBXContainerItemProxy */ = {
			isa = PBXContainerItemProxy;
			containerPortal = 79D57D623C18C92D0D3408CC /* Project object */;
			proxyType = 1;
			remoteGlobalIDString = E551FDD196683E640B0F9503;
			remoteInfo = OpenAlarm;
		};
/* End PBXContainerItemProxy section */

/* Begin PBXFileReference section */
		0213A81B71B2B9C6B189C61F /* OpenAlarmNotificationDelegate.swift */ = {isa = PBXFileReference; lastKnownFileType = sourcecode.swift; path = OpenAlarmNotificationDelegate.swift; sourceTree = "<group>"; };
		06DDC0185B5B0D8A1400C98B /* AlarmScheduleReconciler.swift */ = {isa = PBXFileReference; lastKnownFileType = sourcecode.swift; path = AlarmScheduleReconciler.swift; sourceTree = "<group>"; };
		0D166817BB079DD4546C285D /* en */ = {isa = PBXFileReference; lastKnownFileType = text.plist.strings; name = en; path = en.lproj/Localizable.strings; sourceTree = "<group>"; };
		1528047A29F027B683B920FE /* AlarmScheduleReconcileEntrypoint.swift */ = {isa = PBXFileReference; lastKnownFileType = sourcecode.swift; path = AlarmScheduleReconcileEntrypoint.swift; sourceTree = "<group>"; };
		1AAB5EE73D1350495BF00CA8 /* de */ = {isa = PBXFileReference; lastKnownFileType = text.plist.strings; name = de; path = de.lproj/InfoPlist.strings; sourceTree = "<group>"; };
		22E4F6FF18C9BE1617CD7543 /* OnboardingFlowView.swift */ = {isa = PBXFileReference; lastKnownFileType = sourcecode.swift; path = OnboardingFlowView.swift; sourceTree = "<group>"; };
		3C5513FF1DE8CF198A077C38 /* AlarmEditorView.swift */ = {isa = PBXFileReference; lastKnownFileType = sourcecode.swift; path = AlarmEditorView.swift; sourceTree = "<group>"; };
		4C0AC8200730558CC6EC3B15 /* AlarmScheduleReconcilerTests.swift */ = {isa = PBXFileReference; lastKnownFileType = sourcecode.swift; path = AlarmScheduleReconcilerTests.swift; sourceTree = "<group>"; };
		568AC6EB43A9044628BFB421 /* WakeUpCheckModels.swift */ = {isa = PBXFileReference; lastKnownFileType = sourcecode.swift; path = WakeUpCheckModels.swift; sourceTree = "<group>"; };
		59535AE7D6830B97391FD0E5 /* de */ = {isa = PBXFileReference; lastKnownFileType = text.plist.strings; name = de; path = de.lproj/Localizable.strings; sourceTree = "<group>"; };
		5C5DC43674A1A23D8D98A25C /* SharedAlarmSettingsEditor.swift */ = {isa = PBXFileReference; lastKnownFileType = sourcecode.swift; path = SharedAlarmSettingsEditor.swift; sourceTree = "<group>"; };
		5DF22129177248C5394DFFC2 /* NotificationPermissionService.swift */ = {isa = PBXFileReference; lastKnownFileType = sourcecode.swift; path = NotificationPermissionService.swift; sourceTree = "<group>"; };
		6093C9086BF89A5DE696608D /* Info.plist */ = {isa = PBXFileReference; lastKnownFileType = text.plist; path = Info.plist; sourceTree = "<group>"; };
		7049E02D02264E608DE04480 /* WakeUpCheckNotificationService.swift */ = {isa = PBXFileReference; lastKnownFileType = sourcecode.swift; path = WakeUpCheckNotificationService.swift; sourceTree = "<group>"; };
		764BB1926C868CDA8BB0801A /* OpenAlarmApp.swift */ = {isa = PBXFileReference; lastKnownFileType = sourcecode.swift; path = OpenAlarmApp.swift; sourceTree = "<group>"; };
		83400772796DC9406DADEF9F /* AlarmPermissionService.swift */ = {isa = PBXFileReference; lastKnownFileType = sourcecode.swift; path = AlarmPermissionService.swift; sourceTree = "<group>"; };
		85010326D24CEF7C1A38D50D /* AlarmIntents.swift */ = {isa = PBXFileReference; lastKnownFileType = sourcecode.swift; path = AlarmIntents.swift; sourceTree = "<group>"; };
		91529C2531FED87446559016 /* OpenAlarmTheme.swift */ = {isa = PBXFileReference; lastKnownFileType = sourcecode.swift; path = OpenAlarmTheme.swift; sourceTree = "<group>"; };
		A0F3414FB10A9E51937B6877 /* AlarmPersistence.swift */ = {isa = PBXFileReference; lastKnownFileType = sourcecode.swift; path = AlarmPersistence.swift; sourceTree = "<group>"; };
		A6981BF284D917EBC650816B /* OnboardingEngine.swift */ = {isa = PBXFileReference; lastKnownFileType = sourcecode.swift; path = OnboardingEngine.swift; sourceTree = "<group>"; };
		A7C07703BA4BEC265B421B03 /* AlarmModels.swift */ = {isa = PBXFileReference; lastKnownFileType = sourcecode.swift; path = AlarmModels.swift; sourceTree = "<group>"; };
		B0511AEB1608CC1DFD19C495 /* L10n.swift */ = {isa = PBXFileReference; lastKnownFileType = sourcecode.swift; path = L10n.swift; sourceTree = "<group>"; };
		B5B9304B4982E495CBDABF6C /* OpenAlarmTests.xctest */ = {isa = PBXFileReference; includeInIndex = 0; lastKnownFileType = wrapper.cfbundle; path = OpenAlarmTests.xctest; sourceTree = BUILT_PRODUCTS_DIR; };
		B70862277833BF001ABA7BBE /* AlarmStore.swift */ = {isa = PBXFileReference; lastKnownFileType = sourcecode.swift; path = AlarmStore.swift; sourceTree = "<group>"; };
		CFE2D4CDA835E9DD606528A0 /* Assets.xcassets */ = {isa = PBXFileReference; lastKnownFileType = folder.assetcatalog; path = Assets.xcassets; sourceTree = "<group>"; };
		D65E8CA1DA583D987D1FDE53 /* AppRootView.swift */ = {isa = PBXFileReference; lastKnownFileType = sourcecode.swift; path = AppRootView.swift; sourceTree = "<group>"; };
		E43A03F552339F3CF4DBCF2C /* LaunchScreen.storyboard */ = {isa = PBXFileReference; lastKnownFileType = file.storyboard; path = LaunchScreen.storyboard; sourceTree = "<group>"; };
		E55D19BAE63F4BCAD183A095 /* MainTabView.swift */ = {isa = PBXFileReference; lastKnownFileType = sourcecode.swift; path = MainTabView.swift; sourceTree = "<group>"; };
		E9ACF85F89CF9D011BF26A5E /* OpenAlarm.app */ = {isa = PBXFileReference; includeInIndex = 0; lastKnownFileType = wrapper.application; path = OpenAlarm.app; sourceTree = BUILT_PRODUCTS_DIR; };
		F68BF27EA97B5D8C42193398 /* en */ = {isa = PBXFileReference; lastKnownFileType = text.plist.strings; name = en; path = en.lproj/InfoPlist.strings; sourceTree = "<group>"; };
		FA3152F133E737A1C6EF2905 /* NapEditorView.swift */ = {isa = PBXFileReference; lastKnownFileType = sourcecode.swift; path = NapEditorView.swift; sourceTree = "<group>"; };
/* End PBXFileReference section */

/* Begin PBXGroup section */
		135C9DF212569F46B82E0C7A /* OpenAlarmSchedulingCoreTests */ = {
			isa = PBXGroup;
			children = (
				4C0AC8200730558CC6EC3B15 /* AlarmScheduleReconcilerTests.swift */,
			);
			path = OpenAlarmSchedulingCoreTests;
			sourceTree = "<group>";
		};
		205990B36FE807545D4ADA70 /* Products */ = {
			isa = PBXGroup;
			children = (
				E9ACF85F89CF9D011BF26A5E /* OpenAlarm.app */,
				B5B9304B4982E495CBDABF6C /* OpenAlarmTests.xctest */,
			);
			name = Products;
			sourceTree = "<group>";
		};
		4A12B252E6DF89BC145988F5 = {
			isa = PBXGroup;
			children = (
				BCC1989FF6463FB02B837C9B /* OpenAlarm */,
				135C9DF212569F46B82E0C7A /* OpenAlarmSchedulingCoreTests */,
				205990B36FE807545D4ADA70 /* Products */,
			);
			sourceTree = "<group>";
		};
		BCC1989FF6463FB02B837C9B /* OpenAlarm */ = {
			isa = PBXGroup;
			children = (
				3C5513FF1DE8CF198A077C38 /* AlarmEditorView.swift */,
				85010326D24CEF7C1A38D50D /* AlarmIntents.swift */,
				A7C07703BA4BEC265B421B03 /* AlarmModels.swift */,
				83400772796DC9406DADEF9F /* AlarmPermissionService.swift */,
				A0F3414FB10A9E51937B6877 /* AlarmPersistence.swift */,
				1528047A29F027B683B920FE /* AlarmScheduleReconcileEntrypoint.swift */,
				06DDC0185B5B0D8A1400C98B /* AlarmScheduleReconciler.swift */,
				B70862277833BF001ABA7BBE /* AlarmStore.swift */,
				D65E8CA1DA583D987D1FDE53 /* AppRootView.swift */,
				CFE2D4CDA835E9DD606528A0 /* Assets.xcassets */,
				6093C9086BF89A5DE696608D /* Info.plist */,
				B0511AEB1608CC1DFD19C495 /* L10n.swift */,
				E43A03F552339F3CF4DBCF2C /* LaunchScreen.storyboard */,
				E55D19BAE63F4BCAD183A095 /* MainTabView.swift */,
				FA3152F133E737A1C6EF2905 /* NapEditorView.swift */,
				5DF22129177248C5394DFFC2 /* NotificationPermissionService.swift */,
				A6981BF284D917EBC650816B /* OnboardingEngine.swift */,
				22E4F6FF18C9BE1617CD7543 /* OnboardingFlowView.swift */,
				764BB1926C868CDA8BB0801A /* OpenAlarmApp.swift */,
				0213A81B71B2B9C6B189C61F /* OpenAlarmNotificationDelegate.swift */,
				91529C2531FED87446559016 /* OpenAlarmTheme.swift */,
				5C5DC43674A1A23D8D98A25C /* SharedAlarmSettingsEditor.swift */,
				568AC6EB43A9044628BFB421 /* WakeUpCheckModels.swift */,
				7049E02D02264E608DE04480 /* WakeUpCheckNotificationService.swift */,
				FD7B31457CC502B622019E4F /* Resources */,
			);
			path = OpenAlarm;
			sourceTree = "<group>";
		};
		FD7B31457CC502B622019E4F /* Resources */ = {
			isa = PBXGroup;
			children = (
				2E7F4014449CC01093832222 /* InfoPlist.strings */,
				8E679FED54733251272BD0A9 /* Localizable.strings */,
			);
			path = Resources;
			sourceTree = "<group>";
		};
/* End PBXGroup section */

/* Begin PBXNativeTarget section */
		ABF4C9FC0B8852324B978BEB /* OpenAlarmTests */ = {
			isa = PBXNativeTarget;
			buildConfigurationList = C919D048084DDBBC92BA485C /* Build configuration list for PBXNativeTarget "OpenAlarmTests" */;
			buildPhases = (
				63CF2F69101741D19BC1428A /* Sources */,
			);
			buildRules = (
			);
			dependencies = (
				AC10801DA559D0D4BF7B8700 /* PBXTargetDependency */,
			);
			name = OpenAlarmTests;
			packageProductDependencies = (
			);
			productName = OpenAlarmTests;
			productReference = B5B9304B4982E495CBDABF6C /* OpenAlarmTests.xctest */;
			productType = "com.apple.product-type.bundle.unit-test";
		};
		E551FDD196683E640B0F9503 /* OpenAlarm */ = {
			isa = PBXNativeTarget;
			buildConfigurationList = C9C9D613DDDE3A42D53F1076 /* Build configuration list for PBXNativeTarget "OpenAlarm" */;
			buildPhases = (
				8B1B9764DFDA1749CE530B70 /* Sources */,
				FF1E01D592975296A0853523 /* Resources */,
			);
			buildRules = (
			);
			dependencies = (
			);
			name = OpenAlarm;
			packageProductDependencies = (
			);
			productName = OpenAlarm;
			productReference = E9ACF85F89CF9D011BF26A5E /* OpenAlarm.app */;
			productType = "com.apple.product-type.application";
		};
/* End PBXNativeTarget section */

/* Begin PBXProject section */
		79D57D623C18C92D0D3408CC /* Project object */ = {
			isa = PBXProject;
			attributes = {
				BuildIndependentTargetsInParallel = YES;
				LastUpgradeCheck = 1430;
				TargetAttributes = {
					E551FDD196683E640B0F9503 = {
						DevelopmentTeam = 7P7CKKPH5L;
						ProvisioningStyle = Automatic;
					};
				};
			};
			buildConfigurationList = 151A4987828856810E33F08D /* Build configuration list for PBXProject "OpenAlarm" */;
			compatibilityVersion = "Xcode 14.0";
			developmentRegion = en;
			hasScannedForEncodings = 0;
			knownRegions = (
				Base,
				de,
				en,
			);
			mainGroup = 4A12B252E6DF89BC145988F5;
			minimizedProjectReferenceProxies = 1;
			preferredProjectObjectVersion = 77;
			projectDirPath = "";
			projectRoot = "";
			targets = (
				E551FDD196683E640B0F9503 /* OpenAlarm */,
				ABF4C9FC0B8852324B978BEB /* OpenAlarmTests */,
			);
		};
/* End PBXProject section */

/* Begin PBXResourcesBuildPhase section */
		FF1E01D592975296A0853523 /* Resources */ = {
			isa = PBXResourcesBuildPhase;
			buildActionMask = 2147483647;
			files = (
				5824049B9D337E771858C73B /* Assets.xcassets in Resources */,
				BDD2C5EBBA247FBB4FD16F4D /* InfoPlist.strings in Resources */,
				A07CAFA80E4CC40C1C53496B /* LaunchScreen.storyboard in Resources */,
				4796FE34E7D27B854FB78CB6 /* Localizable.strings in Resources */,
			);
			runOnlyForDeploymentPostprocessing = 0;
		};
/* End PBXResourcesBuildPhase section */

/* Begin PBXSourcesBuildPhase section */
		63CF2F69101741D19BC1428A /* Sources */ = {
			isa = PBXSourcesBuildPhase;
			buildActionMask = 2147483647;
			files = (
				DDD615542DED46BA648B2FE7 /* AlarmScheduleReconcilerTests.swift in Sources */,
			);
			runOnlyForDeploymentPostprocessing = 0;
		};
		8B1B9764DFDA1749CE530B70 /* Sources */ = {
			isa = PBXSourcesBuildPhase;
			buildActionMask = 2147483647;
			files = (
				4349AE16DB928CA08CA1900B /* AlarmEditorView.swift in Sources */,
				05162562A0170BE9098361EE /* AlarmIntents.swift in Sources */,
				BF8889E27B6255835899C3B5 /* AlarmModels.swift in Sources */,
				0B5A2C2BC6692B00E79A988E /* AlarmPermissionService.swift in Sources */,
				D0827BEDA4B4C360461E9F23 /* AlarmPersistence.swift in Sources */,
				10DC781930D22D3C916F3AB3 /* AlarmScheduleReconcileEntrypoint.swift in Sources */,
				F1CC7D2E7D1CC6F5D537C625 /* AlarmScheduleReconciler.swift in Sources */,
				75F6F1776DF5731E152893A0 /* AlarmStore.swift in Sources */,
				43A37EA685F224896032D009 /* AppRootView.swift in Sources */,
				1068E5E14AAA376BDD6E846B /* L10n.swift in Sources */,
				42DA53AB032443282ACAC432 /* MainTabView.swift in Sources */,
				23C0CD1574BD2A54EDBFCCE1 /* NapEditorView.swift in Sources */,
				1C03AE89BE0AC99AD3E829DE /* NotificationPermissionService.swift in Sources */,
				E072A215F811DC860E8ED2F1 /* OnboardingEngine.swift in Sources */,
				0137578A7C3DB65015FC02BE /* OnboardingFlowView.swift in Sources */,
				7A6C9625D2A75EB1C003316B /* OpenAlarmApp.swift in Sources */,
				A6D55657E1563EC89C608EFD /* OpenAlarmNotificationDelegate.swift in Sources */,
				58BDACC5F57BBA0A5953274E /* OpenAlarmTheme.swift in Sources */,
				36C1824E2D70AF0163976EDA /* SharedAlarmSettingsEditor.swift in Sources */,
				8399559AD42B82F57361E9E3 /* WakeUpCheckModels.swift in Sources */,
				99FFE75EAF79B740FE9D2225 /* WakeUpCheckNotificationService.swift in Sources */,
			);
			runOnlyForDeploymentPostprocessing = 0;
		};
/* End PBXSourcesBuildPhase section */

/* Begin PBXTargetDependency section */
		AC10801DA559D0D4BF7B8700 /* PBXTargetDependency */ = {
			isa = PBXTargetDependency;
			target = E551FDD196683E640B0F9503 /* OpenAlarm */;
			targetProxy = DA09E905EB317B29548331EA /* PBXContainerItemProxy */;
		};
/* End PBXTargetDependency section */

/* Begin PBXVariantGroup section */
		2E7F4014449CC01093832222 /* InfoPlist.strings */ = {
			isa = PBXVariantGroup;
			children = (
				1AAB5EE73D1350495BF00CA8 /* de */,
				F68BF27EA97B5D8C42193398 /* en */,
			);
			name = InfoPlist.strings;
			sourceTree = "<group>";
		};
		8E679FED54733251272BD0A9 /* Localizable.strings */ = {
			isa = PBXVariantGroup;
			children = (
				59535AE7D6830B97391FD0E5 /* de */,
				0D166817BB079DD4546C285D /* en */,
			);
			name = Localizable.strings;
			sourceTree = "<group>";
		};
/* End PBXVariantGroup section */

/* Begin XCBuildConfiguration section */
		08337E98E5C29023011AB7DA /* Release */ = {
			isa = XCBuildConfiguration;
			buildSettings = {
				ASSETCATALOG_COMPILER_APPICON_NAME = AppIcon;
				CODE_SIGN_IDENTITY = "iPhone Developer";
				CODE_SIGN_STYLE = Automatic;
				CURRENT_PROJECT_VERSION = 48;
				DEVELOPMENT_TEAM = 7P7CKKPH5L;
				GENERATE_INFOPLIST_FILE = NO;
				INFOPLIST_FILE = OpenAlarm/Info.plist;
				IPHONEOS_DEPLOYMENT_TARGET = 26.0;
				LD_RUNPATH_SEARCH_PATHS = (
					"$(inherited)",
					"@executable_path/Frameworks",
				);
				LOCALIZATIONS = "en de";
				MARKETING_VERSION = 0.1.0;
				PRODUCT_BUNDLE_IDENTIFIER = com.gretzke.openalarm;
				PRODUCT_NAME = OpenAlarm;
				SDKROOT = iphoneos;
				SWIFT_VERSION = 5.0;
				TARGETED_DEVICE_FAMILY = 1;
			};
			name = Release;
		};
		16574F1C124257257A5FC3B2 /* Debug */ = {
			isa = XCBuildConfiguration;
			buildSettings = {
				ALWAYS_SEARCH_USER_PATHS = NO;
				CLANG_ANALYZER_NONNULL = YES;
				CLANG_ANALYZER_NUMBER_OBJECT_CONVERSION = YES_AGGRESSIVE;
				CLANG_CXX_LANGUAGE_STANDARD = "gnu++14";
				CLANG_CXX_LIBRARY = "libc++";
				CLANG_ENABLE_MODULES = YES;
				CLANG_ENABLE_OBJC_ARC = YES;
				CLANG_ENABLE_OBJC_WEAK = YES;
				CLANG_WARN_BLOCK_CAPTURE_AUTORELEASING = YES;
				CLANG_WARN_BOOL_CONVERSION = YES;
				CLANG_WARN_COMMA = YES;
				CLANG_WARN_CONSTANT_CONVERSION = YES;
				CLANG_WARN_DEPRECATED_OBJC_IMPLEMENTATIONS = YES;
				CLANG_WARN_DIRECT_OBJC_ISA_USAGE = YES_ERROR;
				CLANG_WARN_DOCUMENTATION_COMMENTS = YES;
				CLANG_WARN_EMPTY_BODY = YES;
				CLANG_WARN_ENUM_CONVERSION = YES;
				CLANG_WARN_INFINITE_RECURSION = YES;
				CLANG_WARN_INT_CONVERSION = YES;
				CLANG_WARN_NON_LITERAL_NULL_CONVERSION = YES;
				CLANG_WARN_OBJC_IMPLICIT_RETAIN_SELF = YES;
				CLANG_WARN_OBJC_LITERAL_CONVERSION = YES;
				CLANG_WARN_OBJC_ROOT_CLASS = YES_ERROR;
				CLANG_WARN_QUOTED_INCLUDE_IN_FRAMEWORK_HEADER = YES;
				CLANG_WARN_RANGE_LOOP_ANALYSIS = YES;
				CLANG_WARN_STRICT_PROTOTYPES = YES;
				CLANG_WARN_SUSPICIOUS_MOVE = YES;
				CLANG_WARN_UNGUARDED_AVAILABILITY = YES_AGGRESSIVE;
				CLANG_WARN_UNREACHABLE_CODE = YES;
				CLANG_WARN__DUPLICATE_METHOD_MATCH = YES;
				COPY_PHASE_STRIP = NO;
				DEBUG_INFORMATION_FORMAT = dwarf;
				DEVELOPMENT_LANGUAGE = en;
				ENABLE_STRICT_OBJC_MSGSEND = YES;
				ENABLE_TESTABILITY = YES;
				GCC_C_LANGUAGE_STANDARD = gnu11;
				GCC_DYNAMIC_NO_PIC = NO;
				GCC_NO_COMMON_BLOCKS = YES;
				GCC_OPTIMIZATION_LEVEL = 0;
				GCC_PREPROCESSOR_DEFINITIONS = (
					"$(inherited)",
					"DEBUG=1",
				);
				GCC_WARN_64_TO_32_BIT_CONVERSION = YES;
				GCC_WARN_ABOUT_RETURN_TYPE = YES_ERROR;
				GCC_WARN_UNDECLARED_SELECTOR = YES;
				GCC_WARN_UNINITIALIZED_AUTOS = YES_AGGRESSIVE;
				GCC_WARN_UNUSED_FUNCTION = YES;
				GCC_WARN_UNUSED_VARIABLE = YES;
				MTL_ENABLE_DEBUG_INFO = INCLUDE_SOURCE;
				MTL_FAST_MATH = YES;
				ONLY_ACTIVE_ARCH = YES;
				PRODUCT_NAME = "$(TARGET_NAME)";
				SDKROOT = iphoneos;
				SWIFT_ACTIVE_COMPILATION_CONDITIONS = DEBUG;
				SWIFT_OPTIMIZATION_LEVEL = "-Onone";
				SWIFT_VERSION = 5.0;
			};
			name = Debug;
		};
		6E68B31B9D93239105FE8904 /* Release */ = {
			isa = XCBuildConfiguration;
			buildSettings = {
				BUNDLE_LOADER = "$(TEST_HOST)";
				GENERATE_INFOPLIST_FILE = YES;
				IPHONEOS_DEPLOYMENT_TARGET = 26.0;
				LD_RUNPATH_SEARCH_PATHS = (
					"$(inherited)",
					"@executable_path/Frameworks",
					"@loader_path/Frameworks",
				);
				PRODUCT_BUNDLE_IDENTIFIER = com.gretzke.openalarm.tests;
				PRODUCT_NAME = OpenAlarmTests;
				SDKROOT = iphoneos;
				SWIFT_VERSION = 5.0;
				TARGETED_DEVICE_FAMILY = "1,2";
				TEST_HOST = "$(BUILT_PRODUCTS_DIR)/OpenAlarm.app/OpenAlarm";
			};
			name = Release;
		};
		87E3C40D9A32D37B15041EE3 /* Debug */ = {
			isa = XCBuildConfiguration;
			buildSettings = {
				ASSETCATALOG_COMPILER_APPICON_NAME = AppIcon;
				CODE_SIGN_IDENTITY = "iPhone Developer";
				CODE_SIGN_STYLE = Automatic;
				CURRENT_PROJECT_VERSION = 48;
				DEVELOPMENT_TEAM = 7P7CKKPH5L;
				GENERATE_INFOPLIST_FILE = NO;
				INFOPLIST_FILE = OpenAlarm/Info.plist;
				IPHONEOS_DEPLOYMENT_TARGET = 26.0;
				LD_RUNPATH_SEARCH_PATHS = (
					"$(inherited)",
					"@executable_path/Frameworks",
				);
				LOCALIZATIONS = "en de";
				MARKETING_VERSION = 0.1.0;
				PRODUCT_BUNDLE_IDENTIFIER = com.gretzke.openalarm;
				PRODUCT_NAME = OpenAlarm;
				SDKROOT = iphoneos;
				SWIFT_VERSION = 5.0;
				TARGETED_DEVICE_FAMILY = 1;
			};
			name = Debug;
		};
		A4E8FE55565F23EA7D15234D /* Release */ = {
			isa = XCBuildConfiguration;
			buildSettings = {
				ALWAYS_SEARCH_USER_PATHS = NO;
				CLANG_ANALYZER_NONNULL = YES;
				CLANG_ANALYZER_NUMBER_OBJECT_CONVERSION = YES_AGGRESSIVE;
				CLANG_CXX_LANGUAGE_STANDARD = "gnu++14";
				CLANG_CXX_LIBRARY = "libc++";
				CLANG_ENABLE_MODULES = YES;
				CLANG_ENABLE_OBJC_ARC = YES;
				CLANG_ENABLE_OBJC_WEAK = YES;
				CLANG_WARN_BLOCK_CAPTURE_AUTORELEASING = YES;
				CLANG_WARN_BOOL_CONVERSION = YES;
				CLANG_WARN_COMMA = YES;
				CLANG_WARN_CONSTANT_CONVERSION = YES;
				CLANG_WARN_DEPRECATED_OBJC_IMPLEMENTATIONS = YES;
				CLANG_WARN_DIRECT_OBJC_ISA_USAGE = YES_ERROR;
				CLANG_WARN_DOCUMENTATION_COMMENTS = YES;
				CLANG_WARN_EMPTY_BODY = YES;
				CLANG_WARN_ENUM_CONVERSION = YES;
				CLANG_WARN_INFINITE_RECURSION = YES;
				CLANG_WARN_INT_CONVERSION = YES;
				CLANG_WARN_NON_LITERAL_NULL_CONVERSION = YES;
				CLANG_WARN_OBJC_IMPLICIT_RETAIN_SELF = YES;
				CLANG_WARN_OBJC_LITERAL_CONVERSION = YES;
				CLANG_WARN_OBJC_ROOT_CLASS = YES_ERROR;
				CLANG_WARN_QUOTED_INCLUDE_IN_FRAMEWORK_HEADER = YES;
				CLANG_WARN_RANGE_LOOP_ANALYSIS = YES;
				CLANG_WARN_STRICT_PROTOTYPES = YES;
				CLANG_WARN_SUSPICIOUS_MOVE = YES;
				CLANG_WARN_UNGUARDED_AVAILABILITY = YES_AGGRESSIVE;
				CLANG_WARN_UNREACHABLE_CODE = YES;
				CLANG_WARN__DUPLICATE_METHOD_MATCH = YES;
				COPY_PHASE_STRIP = NO;
				DEBUG_INFORMATION_FORMAT = "dwarf-with-dsym";
				DEVELOPMENT_LANGUAGE = en;
				ENABLE_NS_ASSERTIONS = NO;
				ENABLE_STRICT_OBJC_MSGSEND = YES;
				GCC_C_LANGUAGE_STANDARD = gnu11;
				GCC_NO_COMMON_BLOCKS = YES;
				GCC_WARN_64_TO_32_BIT_CONVERSION = YES;
				GCC_WARN_ABOUT_RETURN_TYPE = YES_ERROR;
				GCC_WARN_UNDECLARED_SELECTOR = YES;
				GCC_WARN_UNINITIALIZED_AUTOS = YES_AGGRESSIVE;
				GCC_WARN_UNUSED_FUNCTION = YES;
				GCC_WARN_UNUSED_VARIABLE = YES;
				MTL_ENABLE_DEBUG_INFO = NO;
				MTL_FAST_MATH = YES;
				PRODUCT_NAME = "$(TARGET_NAME)";
				SDKROOT = iphoneos;
				SWIFT_COMPILATION_MODE = wholemodule;
				SWIFT_OPTIMIZATION_LEVEL = "-O";
				SWIFT_VERSION = 5.0;
			};
			name = Release;
		};
		E3BB9BAE51B0D2BB1D7CA3CE /* Debug */ = {
			isa = XCBuildConfiguration;
			buildSettings = {
				BUNDLE_LOADER = "$(TEST_HOST)";
				GENERATE_INFOPLIST_FILE = YES;
				IPHONEOS_DEPLOYMENT_TARGET = 26.0;
				LD_RUNPATH_SEARCH_PATHS = (
					"$(inherited)",
					"@executable_path/Frameworks",
					"@loader_path/Frameworks",
				);
				PRODUCT_BUNDLE_IDENTIFIER = com.gretzke.openalarm.tests;
				PRODUCT_NAME = OpenAlarmTests;
				SDKROOT = iphoneos;
				SWIFT_VERSION = 5.0;
				TARGETED_DEVICE_FAMILY = "1,2";
				TEST_HOST = "$(BUILT_PRODUCTS_DIR)/OpenAlarm.app/OpenAlarm";
			};
			name = Debug;
		};
/* End XCBuildConfiguration section */

/* Begin XCConfigurationList section */
		151A4987828856810E33F08D /* Build configuration list for PBXProject "OpenAlarm" */ = {
			isa = XCConfigurationList;
			buildConfigurations = (
				16574F1C124257257A5FC3B2 /* Debug */,
				A4E8FE55565F23EA7D15234D /* Release */,
			);
			defaultConfigurationIsVisible = 0;
			defaultConfigurationName = Debug;
		};
		C919D048084DDBBC92BA485C /* Build configuration list for PBXNativeTarget "OpenAlarmTests" */ = {
			isa = XCConfigurationList;
			buildConfigurations = (
				E3BB9BAE51B0D2BB1D7CA3CE /* Debug */,
				6E68B31B9D93239105FE8904 /* Release */,
			);
			defaultConfigurationIsVisible = 0;
			defaultConfigurationName = Debug;
		};
		C9C9D613DDDE3A42D53F1076 /* Build configuration list for PBXNativeTarget "OpenAlarm" */ = {
			isa = XCConfigurationList;
			buildConfigurations = (
				87E3C40D9A32D37B15041EE3 /* Debug */,
				08337E98E5C29023011AB7DA /* Release */,
			);
			defaultConfigurationIsVisible = 0;
			defaultConfigurationName = Debug;
		};
/* End XCConfigurationList section */
	};
	rootObject = 79D57D623C18C92D0D3408CC /* Project object */;
}
